{
    "_readme": [
        "This file locks the dependencies of your project to a known state",
        "Read more about it at https://getcomposer.org/doc/01-basic-usage.md#installing-dependencies",
        "This file is @generated automatically"
    ],
    "content-hash": "3b92ca993131fe6ba28fa128540a79fd",
    "packages": [
        {
            "name": "rybakit/msgpack",
            "version": "v0.7.2",
            "source": {
                "type": "git",
                "url": "https://github.com/rybakit/msgpack.php.git",
                "reference": "f3ad27e3e7eba2204e022ec175a981e6ccb97548"
            },
            "dist": {
                "type": "zip",
                "url": "https://api.github.com/repos/rybakit/msgpack.php/zipball/f3ad27e3e7eba2204e022ec175a981e6ccb97548",
                "reference": "f3ad27e3e7eba2204e022ec175a981e6ccb97548",
                "shasum": ""
            },
            "require": {
                "php": "^7.1.1|^8"
            },
            "require-dev": {
                "ext-gmp": "*",
                "friendsofphp/php-cs-fixer": "^2.14",
                "phpunit/phpunit": "^7.1|^8|^9"
            },
            "suggest": {
                "ext-decimal": "For converting overflowed integers to Decimal objects",
                "ext-gmp": "For converting overflowed integers to GMP objects"
            },
            "type": "library",
            "autoload": {
                "psr-4": {
                    "MessagePack\\": "src/"
                }
            },
            "notification-url": "https://packagist.org/downloads/",
            "license": [
                "MIT"
            ],
            "authors": [
                {
                    "name": "Eugene Leonovich",
                    "email": "gen.work@gmail.com"
                }
            ],
            "description": "A pure PHP implementation of the MessagePack serialization format.",
            "keywords": [
                "messagepack",
                "msgpack",
                "pure",
                "streaming"
            ],
            "funding": [
                {
                    "url": "https://github.com/rybakit",
                    "type": "github"
                }
            ],
            "time": "2020-12-18T21:14:07+00:00"
        },
        {
            "name": "vkcom/kphp-polyfills",
            "version": "v1.0.16",
            "source": {
                "type": "git",
                "url": "https://github.com/VKCOM/kphp-polyfills.git",
                "reference": "d68cf761a4cf6458824027a58e17304519c33ac5"
            },
            "dist": {
                "type": "zip",
                "url": "https://api.github.com/repos/VKCOM/kphp-polyfills/zipball/d68cf761a4cf6458824027a58e17304519c33ac5",
                "reference": "d68cf761a4cf6458824027a58e17304519c33ac5",
                "shasum": ""
            },
            "require": {
                "rybakit/msgpack": "^0.7.0"
            },
            "type": "library",
            "autoload": {
                "files": [
                    "kphp_polyfills.php"
                ],
                "psr-4": {
                    "KPHP\\": "src/"
                }
            },
            "notification-url": "https://packagist.org/downloads/",
            "license": [
                "GPL-3.0-or-later"
            ],
            "description": "PHP implementations of functions supported by KPHP natively",
            "time": "2022-01-24T13:09:06+00:00"
        }
    ],
    "packages-dev": [],
    "aliases": [],
    "minimum-stability": "stable",
    "stability-flags": [],
    "prefer-stable": false,
    "prefer-lowest": false,
    "platform": {
        "php": ">=7.4"
    },
    "platform-dev": [],
    "plugin-api-version": "1.1.0"
}
